// !$*UTF8*$!
{
	archiveVersion = 1;
	classes = {
	};
	objectVersion = 55;
	objects = {

/* Begin PBXBuildFile section */
		4452A0E428914FC900FEA58C /* TableViewCell.swift in Sources */ = {isa = PBXBuildFile; fileRef = 4452A0E328914FC900FEA58C /* TableViewCell.swift */; };
		448F97BD2891D48000C7E160 /* DetailsViewController.swift in Sources */ = {isa = PBXBuildFile; fileRef = 448F97BC2891D48000C7E160 /* DetailsViewController.swift */; };
		44B24D8F289084B1000CFD23 /* AppDelegate.swift in Sources */ = {isa = PBXBuildFile; fileRef = 44B24D8E289084B1000CFD23 /* AppDelegate.swift */; };
		44B24D91289084B1000CFD23 /* SceneDelegate.swift in Sources */ = {isa = PBXBuildFile; fileRef = 44B24D90289084B1000CFD23 /* SceneDelegate.swift */; };
		44B24D93289084B1000CFD23 /* SpacexDataViewController.swift in Sources */ = {isa = PBXBuildFile; fileRef = 44B24D92289084B1000CFD23 /* SpacexDataViewController.swift */; };
		44B24D96289084B1000CFD23 /* Main.storyboard in Resources */ = {isa = PBXBuildFile; fileRef = 44B24D94289084B1000CFD23 /* Main.storyboard */; };
		44B24D98289084B2000CFD23 /* Assets.xcassets in Resources */ = {isa = PBXBuildFile; fileRef = 44B24D97289084B2000CFD23 /* Assets.xcassets */; };
		44B24D9B289084B2000CFD23 /* LaunchScreen.storyboard in Resources */ = {isa = PBXBuildFile; fileRef = 44B24D99289084B2000CFD23 /* LaunchScreen.storyboard */; };
		44B24DA72890852D000CFD23 /* WebService.swift in Sources */ = {isa = PBXBuildFile; fileRef = 44B24DA62890852D000CFD23 /* WebService.swift */; };
		44B24DAA28908552000CFD23 /* Kingfisher in Frameworks */ = {isa = PBXBuildFile; productRef = 44B24DA928908552000CFD23 /* Kingfisher */; };
		44B24DAD28908562000CFD23 /* Alamofire in Frameworks */ = {isa = PBXBuildFile; productRef = 44B24DAC28908562000CFD23 /* Alamofire */; };
		44B24DAF28908581000CFD23 /* SpacexDataModel.swift in Sources */ = {isa = PBXBuildFile; fileRef = 44B24DAE28908581000CFD23 /* SpacexDataModel.swift */; };
		44B24DB1289085D1000CFD23 /* SpacexDataViewModel.swift in Sources */ = {isa = PBXBuildFile; fileRef = 44B24DB0289085D1000CFD23 /* SpacexDataViewModel.swift */; };
/* End PBXBuildFile section */

/* Begin PBXFileReference section */
		4452A0E328914FC900FEA58C /* TableViewCell.swift */ = {isa = PBXFileReference; lastKnownFileType = sourcecode.swift; path = TableViewCell.swift; sourceTree = "<group>"; };
		448F97BC2891D48000C7E160 /* DetailsViewController.swift */ = {isa = PBXFileReference; lastKnownFileType = sourcecode.swift; path = DetailsViewController.swift; sourceTree = "<group>"; };
		44B24D8B289084B1000CFD23 /* spacexData.app */ = {isa = PBXFileReference; explicitFileType = wrapper.application; includeInIndex = 0; path = spacexData.app; sourceTree = BUILT_PRODUCTS_DIR; };
		44B24D8E289084B1000CFD23 /* AppDelegate.swift */ = {isa = PBXFileReference; lastKnownFileType = sourcecode.swift; path = AppDelegate.swift; sourceTree = "<group>"; };
		44B24D90289084B1000CFD23 /* SceneDelegate.swift */ = {isa = PBXFileReference; lastKnownFileType = sourcecode.swift; path = SceneDelegate.swift; sourceTree = "<group>"; };
		44B24D92289084B1000CFD23 /* SpacexDataViewController.swift */ = {isa = PBXFileReference; lastKnownFileType = sourcecode.swift; path = SpacexDataViewController.swift; sourceTree = "<group>"; };
		44B24D95289084B1000CFD23 /* Base */ = {isa = PBXFileReference; lastKnownFileType = file.storyboard; name = Base; path = Base.lproj/Main.storyboard; sourceTree = "<group>"; };
		44B24D97289084B2000CFD23 /* Assets.xcassets */ = {isa = PBXFileReference; lastKnownFileType = folder.assetcatalog; path = Assets.xcassets; sourceTree = "<group>"; };
		44B24D9A289084B2000CFD23 /* Base */ = {isa = PBXFileReference; lastKnownFileType = file.storyboard; name = Base; path = Base.lproj/LaunchScreen.storyboard; sourceTree = "<group>"; };
		44B24D9C289084B2000CFD23 /* Info.plist */ = {isa = PBXFileReference; lastKnownFileType = text.plist.xml; path = Info.plist; sourceTree = "<group>"; };
		44B24DA62890852D000CFD23 /* WebService.swift */ = {isa = PBXFileReference; lastKnownFileType = sourcecode.swift; path = WebService.swift; sourceTree = "<group>"; };
		44B24DAE28908581000CFD23 /* SpacexDataModel.swift */ = {isa = PBXFileReference; lastKnownFileType = sourcecode.swift; path = SpacexDataModel.swift; sourceTree = "<group>"; };
		44B24DB0289085D1000CFD23 /* SpacexDataViewModel.swift */ = {isa = PBXFileReference; lastKnownFileType = sourcecode.swift; path = SpacexDataViewModel.swift; sourceTree = "<group>"; };
/* End PBXFileReference section */

/* Begin PBXFrameworksBuildPhase section */
		44B24D88289084B1000CFD23 /* Frameworks */ = {
			isa = PBXFrameworksBuildPhase;
			buildActionMask = 2147483647;
			files = (
				44B24DAA28908552000CFD23 /* Kingfisher in Frameworks */,
				44B24DAD28908562000CFD23 /* Alamofire in Frameworks */,
			);
			runOnlyForDeploymentPostprocessing = 0;
		};
/* End PBXFrameworksBuildPhase section */

/* Begin PBXGroup section */
		44B24D82289084B1000CFD23 = {
			isa = PBXGroup;
			children = (
				44B24D8D289084B1000CFD23 /* spacexData */,
				44B24D8C289084B1000CFD23 /* Products */,
			);
			sourceTree = "<group>";
		};
		44B24D8C289084B1000CFD23 /* Products */ = {
			isa = PBXGroup;
			children = (
				44B24D8B289084B1000CFD23 /* spacexData.app */,
			);
			name = Products;
			sourceTree = "<group>";
		};
		44B24D8D289084B1000CFD23 /* spacexData */ = {
			isa = PBXGroup;
			children = (
				44B24D9C289084B2000CFD23 /* Info.plist */,
				44B24D97289084B2000CFD23 /* Assets.xcassets */,
				44B24D90289084B1000CFD23 /* SceneDelegate.swift */,
				44B24D8E289084B1000CFD23 /* AppDelegate.swift */,
				44B24DA5289084F3000CFD23 /* Storyboard */,
				44B24DA4289084E1000CFD23 /* Network */,
				44B24DA3289084DB000CFD23 /* View */,
				44B24DA2289084D1000CFD23 /* Model */,
			);
			path = spacexData;
			sourceTree = "<group>";
		};
		44B24DA2289084D1000CFD23 /* Model */ = {
			isa = PBXGroup;
			children = (
				44B24DAE28908581000CFD23 /* SpacexDataModel.swift */,
			);
			path = Model;
			sourceTree = "<group>";
		};
		44B24DA3289084DB000CFD23 /* View */ = {
			isa = PBXGroup;
			children = (
				44B24D92289084B1000CFD23 /* SpacexDataViewController.swift */,
				44B24DB0289085D1000CFD23 /* SpacexDataViewModel.swift */,
				4452A0E328914FC900FEA58C /* TableViewCell.swift */,
				448F97BC2891D48000C7E160 /* DetailsViewController.swift */,
			);
			path = View;
			sourceTree = "<group>";
		};
		44B24DA4289084E1000CFD23 /* Network */ = {
			isa = PBXGroup;
			children = (
				44B24DA62890852D000CFD23 /* WebService.swift */,
			);
			path = Network;
			sourceTree = "<group>";
		};
		44B24DA5289084F3000CFD23 /* Storyboard */ = {
			isa = PBXGroup;
			children = (
				44B24D94289084B1000CFD23 /* Main.storyboard */,
				44B24D99289084B2000CFD23 /* LaunchScreen.storyboard */,
			);
			path = Storyboard;
			sourceTree = "<group>";
		};
/* End PBXGroup section */

/* Begin PBXNativeTarget section */
		44B24D8A289084B1000CFD23 /* spacexData */ = {
			isa = PBXNativeTarget;
			buildConfigurationList = 44B24D9F289084B2000CFD23 /* Build configuration list for PBXNativeTarget "spacexData" */;
			buildPhases = (
				44B24D87289084B1000CFD23 /* Sources */,
				44B24D88289084B1000CFD23 /* Frameworks */,
				44B24D89289084B1000CFD23 /* Resources */,
			);
			buildRules = (
			);
			dependencies = (
			);
			name = spacexData;
			packageProductDependencies = (
				44B24DA928908552000CFD23 /* Kingfisher */,
				44B24DAC28908562000CFD23 /* Alamofire */,
			);
			productName = spacexData;
			productReference = 44B24D8B289084B1000CFD23 /* spacexData.app */;
			productType = "com.apple.product-type.application";
		};
/* End PBXNativeTarget section */

/* Begin PBXProject section */
		44B24D83289084B1000CFD23 /* Project object */ = {
			isa = PBXProject;
			attributes = {
				BuildIndependentTargetsInParallel = 1;
				LastSwiftUpdateCheck = 1320;
				LastUpgradeCheck = 1320;
				TargetAttributes = {
					44B24D8A289084B1000CFD23 = {
						CreatedOnToolsVersion = 13.2.1;
					};
				};
			};
			buildConfigurationList = 44B24D86289084B1000CFD23 /* Build configuration list for PBXProject "spacexData" */;
			compatibilityVersion = "Xcode 13.0";
			developmentRegion = en;
			hasScannedForEncodings = 0;
			knownRegions = (
				en,
				Base,
			);
			mainGroup = 44B24D82289084B1000CFD23;
			packageReferences = (
				44B24DA828908552000CFD23 /* XCRemoteSwiftPackageReference "Kingfisher" */,
				44B24DAB28908562000CFD23 /* XCRemoteSwiftPackageReference "Alamofire" */,
			);
			productRefGroup = 44B24D8C289084B1000CFD23 /* Products */;
			projectDirPath = "";
			projectRoot = "";
			targets = (
				44B24D8A289084B1000CFD23 /* spacexData */,
			);
		};
/* End PBXProject section */

/* Begin PBXResourcesBuildPhase section */
		44B24D89289084B1000CFD23 /* Resources */ = {
			isa = PBXResourcesBuildPhase;
			buildActionMask = 2147483647;
			files = (
				44B24D9B289084B2000CFD23 /* LaunchScreen.storyboard in Resources */,
				44B24D98289084B2000CFD23 /* Assets.xcassets in Resources */,
				44B24D96289084B1000CFD23 /* Main.storyboard in Resources */,
			);
			runOnlyForDeploymentPostprocessing = 0;
		};
/* End PBXResourcesBuildPhase section */

/* Begin PBXSourcesBuildPhase section */
		44B24D87289084B1000CFD23 /* Sources */ = {
			isa = PBXSourcesBuildPhase;
			buildActionMask = 2147483647;
			files = (
				44B24D93289084B1000CFD23 /* SpacexDataViewController.swift in Sources */,
				44B24D8F289084B1000CFD23 /* AppDelegate.swift in Sources */,
				44B24DA72890852D000CFD23 /* WebService.swift in Sources */,
				448F97BD2891D48000C7E160 /* DetailsViewController.swift in Sources */,
				44B24DAF28908581000CFD23 /* SpacexDataModel.swift in Sources */,
				44B24DB1289085D1000CFD23 /* SpacexDataViewModel.swift in Sources */,
				4452A0E428914FC900FEA58C /* TableViewCell.swift in Sources */,
				44B24D91289084B1000CFD23 /* SceneDelegate.swift in Sources */,
			);
			runOnlyForDeploymentPostprocessing = 0;
		};
/* End PBXSourcesBuildPhase section */

/* Begin PBXVariantGroup section */
		44B24D94289084B1000CFD23 /* Main.storyboard */ = {
			isa = PBXVariantGroup;
			children = (
				44B24D95289084B1000CFD23 /* Base */,
			);
			name = Main.storyboard;
			sourceTree = "<group>";
		};
		44B24D99289084B2000CFD23 /* LaunchScreen.storyboard */ = {
			isa = PBXVariantGroup;
			children = (
				44B24D9A289084B2000CFD23 /* Base */,
			);
			name = LaunchScreen.storyboard;
			sourceTree = "<group>";
		};
/* End PBXVariantGroup section */

/* Begin XCBuildConfiguration section */
		44B24D9D289084B2000CFD23 /* Debug */ = {
			isa = XCBuildConfiguration;
			buildSettings = {
				ALWAYS_SEARCH_USER_PATHS = NO;
				CLANG_ANALYZER_NONNULL = YES;
				CLANG_ANALYZER_NUMBER_OBJECT_CONVERSION = YES_AGGRESSIVE;
				CLANG_CXX_LANGUAGE_STANDARD = "gnu++17";
				CLANG_CXX_LIBRARY = "libc++";
				CLANG_ENABLE_MODULES = YES;
				CLANG_ENABLE_OBJC_ARC = YES;
				CLANG_ENABLE_OBJC_WEAK = YES;
				CLANG_WARN_BLOCK_CAPTURE_AUTORELEASING = YES;
				CLANG_WARN_BOOL_CONVERSION = YES;
				CLANG_WARN_COMMA = YES;
				CLANG_WARN_CONSTANT_CONVERSION = YES;
				CLANG_WARN_DEPRECATED_OBJC_IMPLEMENTATIONS = YES;
				CLANG_WARN_DIRECT_OBJC_ISA_USAGE = YES_ERROR;
				CLANG_WARN_DOCUMENTATION_COMMENTS = YES;
				CLANG_WARN_EMPTY_BODY = YES;
				CLANG_WARN_ENUM_CONVERSION = YES;
				CLANG_WARN_INFINITE_RECURSION = YES;
				CLANG_WARN_INT_CONVERSION = YES;
				CLANG_WARN_NON_LITERAL_NULL_CONVERSION = YES;
				CLANG_WARN_OBJC_IMPLICIT_RETAIN_SELF = YES;
				CLANG_WARN_OBJC_LITERAL_CONVERSION = YES;
				CLANG_WARN_OBJC_ROOT_CLASS = YES_ERROR;
				CLANG_WARN_QUOTED_INCLUDE_IN_FRAMEWORK_HEADER = YES;
				CLANG_WARN_RANGE_LOOP_ANALYSIS = YES;
				CLANG_WARN_STRICT_PROTOTYPES = YES;
				CLANG_WARN_SUSPICIOUS_MOVE = YES;
				CLANG_WARN_UNGUARDED_AVAILABILITY = YES_AGGRESSIVE;
				CLANG_WARN_UNREACHABLE_CODE = YES;
				CLANG_WARN__DUPLICATE_METHOD_MATCH = YES;
				COPY_PHASE_STRIP = NO;
				DEBUG_INFORMATION_FORMAT = dwarf;
				ENABLE_STRICT_OBJC_MSGSEND = YES;
				ENABLE_TESTABILITY = YES;
				GCC_C_LANGUAGE_STANDARD = gnu11;
				GCC_DYNAMIC_NO_PIC = NO;
				GCC_NO_COMMON_BLOCKS = YES;
				GCC_OPTIMIZATION_LEVEL = 0;
				GCC_PREPROCESSOR_DEFINITIONS = (
					"DEBUG=1",
					"$(inherited)",
				);
				GCC_WARN_64_TO_32_BIT_CONVERSION = YES;
				GCC_WARN_ABOUT_RETURN_TYPE = YES_ERROR;
				GCC_WARN_UNDECLARED_SELECTOR = YES;
				GCC_WARN_UNINITIALIZED_AUTOS = YES_AGGRESSIVE;
				GCC_WARN_UNUSED_FUNCTION = YES;
				GCC_WARN_UNUSED_VARIABLE = YES;
				IPHONEOS_DEPLOYMENT_TARGET = 15.2;
				MTL_ENABLE_DEBUG_INFO = INCLUDE_SOURCE;
				MTL_FAST_MATH = YES;
				ONLY_ACTIVE_ARCH = YES;
				SDKROOT = iphoneos;
				SWIFT_ACTIVE_COMPILATION_CONDITIONS = DEBUG;
				SWIFT_OPTIMIZATION_LEVEL = "-Onone";
			};
			name = Debug;
		};
		44B24D9E289084B2000CFD23 /* Release */ = {
			isa = XCBuildConfiguration;
			buildSettings = {
				ALWAYS_SEARCH_USER_PATHS = NO;
				CLANG_ANALYZER_NONNULL = YES;
				CLANG_ANALYZER_NUMBER_OBJECT_CONVERSION = YES_AGGRESSIVE;
				CLANG_CXX_LANGUAGE_STANDARD = "gnu++17";
				CLANG_CXX_LIBRARY = "libc++";
				CLANG_ENABLE_MODULES = YES;
				CLANG_ENABLE_OBJC_ARC = YES;
				CLANG_ENABLE_OBJC_WEAK = YES;
				CLANG_WARN_BLOCK_CAPTURE_AUTORELEASING = YES;
				CLANG_WARN_BOOL_CONVERSION = YES;
				CLANG_WARN_COMMA = YES;
				CLANG_WARN_CONSTANT_CONVERSION = YES;
				CLANG_WARN_DEPRECATED_OBJC_IMPLEMENTATIONS = YES;
				CLANG_WARN_DIRECT_OBJC_ISA_USAGE = YES_ERROR;
				CLANG_WARN_DOCUMENTATION_COMMENTS = YES;
				CLANG_WARN_EMPTY_BODY = YES;
				CLANG_WARN_ENUM_CONVERSION = YES;
				CLANG_WARN_INFINITE_RECURSION = YES;
				CLANG_WARN_INT_CONVERSION = YES;
				CLANG_WARN_NON_LITERAL_NULL_CONVERSION = YES;
				CLANG_WARN_OBJC_IMPLICIT_RETAIN_SELF = YES;
				CLANG_WARN_OBJC_LITERAL_CONVERSION = YES;
				CLANG_WARN_OBJC_ROOT_CLASS = YES_ERROR;
				CLANG_WARN_QUOTED_INCLUDE_IN_FRAMEWORK_HEADER = YES;
				CLANG_WARN_RANGE_LOOP_ANALYSIS = YES;
				CLANG_WARN_STRICT_PROTOTYPES = YES;
				CLANG_WARN_SUSPICIOUS_MOVE = YES;
				CLANG_WARN_UNGUARDED_AVAILABILITY = YES_AGGRESSIVE;
				CLANG_WARN_UNREACHABLE_CODE = YES;
				CLANG_WARN__DUPLICATE_METHOD_MATCH = YES;
				COPY_PHASE_STRIP = NO;
				DEBUG_INFORMATION_FORMAT = "dwarf-with-dsym";
				ENABLE_NS_ASSERTIONS = NO;
				ENABLE_STRICT_OBJC_MSGSEND = YES;
				GCC_C_LANGUAGE_STANDARD = gnu11;
				GCC_NO_COMMON_BLOCKS = YES;
				GCC_WARN_64_TO_32_BIT_CONVERSION = YES;
				GCC_WARN_ABOUT_RETURN_TYPE = YES_ERROR;
				GCC_WARN_UNDECLARED_SELECTOR = YES;
				GCC_WARN_UNINITIALIZED_AUTOS = YES_AGGRESSIVE;
				GCC_WARN_UNUSED_FUNCTION = YES;
				GCC_WARN_UNUSED_VARIABLE = YES;
				IPHONEOS_DEPLOYMENT_TARGET = 15.2;
				MTL_ENABLE_DEBUG_INFO = NO;
				MTL_FAST_MATH = YES;
				SDKROOT = iphoneos;
				SWIFT_COMPILATION_MODE = wholemodule;
				SWIFT_OPTIMIZATION_LEVEL = "-O";
				VALIDATE_PRODUCT = YES;
			};
			name = Release;
		};
		44B24DA0289084B2000CFD23 /* Debug */ = {
			isa = XCBuildConfiguration;
			buildSettings = {
				ASSETCATALOG_COMPILER_APPICON_NAME = AppIcon;
				ASSETCATALOG_COMPILER_GLOBAL_ACCENT_COLOR_NAME = AccentColor;
				CODE_SIGN_STYLE = Automatic;
				CURRENT_PROJECT_VERSION = 1;
				DEVELOPMENT_TEAM = W7548MFZWQ;
				GENERATE_INFOPLIST_FILE = YES;
				INFOPLIST_FILE = spacexData/Info.plist;
				INFOPLIST_KEY_UIApplicationSupportsIndirectInputEvents = YES;
				INFOPLIST_KEY_UILaunchStoryboardName = LaunchScreen;
				INFOPLIST_KEY_UIMainStoryboardFile = Main;
				INFOPLIST_KEY_UISupportedInterfaceOrientations_iPad = "UIInterfaceOrientationPortrait UIInterfaceOrientationPortraitUpsideDown UIInterfaceOrientationLandscapeLeft UIInterfaceOrientationLandscapeRight";
				INFOPLIST_KEY_UISupportedInterfaceOrientations_iPhone = "UIInterfaceOrientationPortrait UIInterfaceOrientationLandscapeLeft UIInterfaceOrientationLandscapeRight";
				LD_RUNPATH_SEARCH_PATHS = (
					"$(inherited)",
					"@executable_path/Frameworks",
				);
				MARKETING_VERSION = 1.0;
				PRODUCT_BUNDLE_IDENTIFIER = com.ismailackyurek.spacexData;
				PRODUCT_NAME = "$(TARGET_NAME)";
				SWIFT_EMIT_LOC_STRINGS = YES;
				SWIFT_VERSION = 5.0;
				TARGETED_DEVICE_FAMILY = "1,2";
			};
			name = Debug;
		};
		44B24DA1289084B2000CFD23 /* Release */ = {
			isa = XCBuildConfiguration;
			buildSettings = {
				ASSETCATALOG_COMPILER_APPICON_NAME = AppIcon;
				ASSETCATALOG_COMPILER_GLOBAL_ACCENT_COLOR_NAME = AccentColor;
				CODE_SIGN_STYLE = Automatic;
				CURRENT_PROJECT_VERSION = 1;
				DEVELOPMENT_TEAM = W7548MFZWQ;
				GENERATE_INFOPLIST_FILE = YES;
				INFOPLIST_FILE = spacexData/Info.plist;
				INFOPLIST_KEY_UIApplicationSupportsIndirectInputEvents = YES;
				INFOPLIST_KEY_UILaunchStoryboardName = LaunchScreen;
				INFOPLIST_KEY_UIMainStoryboardFile = Main;
				INFOPLIST_KEY_UISupportedInterfaceOrientations_iPad = "UIInterfaceOrientationPortrait UIInterfaceOrientationPortraitUpsideDown UIInterfaceOrientationLandscapeLeft UIInterfaceOrientationLandscapeRight";
				INFOPLIST_KEY_UISupportedInterfaceOrientations_iPhone = "UIInterfaceOrientationPortrait UIInterfaceOrientationLandscapeLeft UIInterfaceOrientationLandscapeRight";
				LD_RUNPATH_SEARCH_PATHS = (
					"$(inherited)",
					"@executable_path/Frameworks",
				);
				MARKETING_VERSION = 1.0;
				PRODUCT_BUNDLE_IDENTIFIER = com.ismailackyurek.spacexData;
				PRODUCT_NAME = "$(TARGET_NAME)";
				SWIFT_EMIT_LOC_STRINGS = YES;
				SWIFT_VERSION = 5.0;
				TARGETED_DEVICE_FAMILY = "1,2";
			};
			name = Release;
		};
/* End XCBuildConfiguration section */

/* Begin XCConfigurationList section */
		44B24D86289084B1000CFD23 /* Build configuration list for PBXProject "spacexData" */ = {
			isa = XCConfigurationList;
			buildConfigurations = (
				44B24D9D289084B2000CFD23 /* Debug */,
				44B24D9E289084B2000CFD23 /* Release */,
			);
			defaultConfigurationIsVisible = 0;
			defaultConfigurationName = Release;
		};
		44B24D9F289084B2000CFD23 /* Build configuration list for PBXNativeTarget "spacexData" */ = {
			isa = XCConfigurationList;
			buildConfigurations = (
				44B24DA0289084B2000CFD23 /* Debug */,
				44B24DA1289084B2000CFD23 /* Release */,
			);
			defaultConfigurationIsVisible = 0;
			defaultConfigurationName = Release;
		};
/* End XCConfigurationList section */

/* Begin XCRemoteSwiftPackageReference section */
		44B24DA828908552000CFD23 /* XCRemoteSwiftPackageReference "Kingfisher" */ = {
			isa = XCRemoteSwiftPackageReference;
			repositoryURL = "https://github.com/onevcat/Kingfisher.git";
			requirement = {
				branch = master;
				kind = branch;
			};
		};
		44B24DAB28908562000CFD23 /* XCRemoteSwiftPackageReference "Alamofire" */ = {
			isa = XCRemoteSwiftPackageReference;
			repositoryURL = "https://github.com/Alamofire/Alamofire.git";
			requirement = {
				branch = master;
				kind = branch;
			};
		};
/* End XCRemoteSwiftPackageReference section */

/* Begin XCSwiftPackageProductDependency section */
		44B24DA928908552000CFD23 /* Kingfisher */ = {
			isa = XCSwiftPackageProductDependency;
			package = 44B24DA828908552000CFD23 /* XCRemoteSwiftPackageReference "Kingfisher" */;
			productName = Kingfisher;
		};
		44B24DAC28908562000CFD23 /* Alamofire */ = {
			isa = XCSwiftPackageProductDependency;
			package = 44B24DAB28908562000CFD23 /* XCRemoteSwiftPackageReference "Alamofire" */;
			productName = Alamofire;
		};
/* End XCSwiftPackageProductDependency section */
	};
	rootObject = 44B24D83289084B1000CFD23 /* Project object */;
}
